
Microsoft Visual Studio Solution File, Format Version 12.00
# Visual Studio Version 16
VisualStudioVersion = 16.0.30611.23
MinimumVisualStudioVersion = 10.0.40219.1
Project("{FAE04EC0-301F-11D3-BF4B-00C04F79EFBC}") = "ExpenseIt", "ExpenseIt.csproj", "{7AAFAE09-42C3-4E78-8E89-B41F68BE4074}"
EndProject
Global
	GlobalSection(SolutionConfigurationPlatforms) = preSolution
		Debug|Any CPU = Debug|Any CPU
		Release|Any CPU = Release|Any CPU
	EndGlobalSection
	GlobalSection(ProjectConfigurationPlatforms) = postSolution
		{7AAFAE09-42C3-4E78-8E89-B41F68BE4074}.Debug|Any CPU.ActiveCfg = Debug|Any CPU
		{7AAFAE09-42C3-4E78-8E89-B41F68BE4074}.Debug|Any CPU.Build.0 = Debug|Any CPU
		{7AAFAE09-42C3-4E78-8E89-B41F68BE4074}.Release|Any CPU.ActiveCfg = Release|Any CPU
		{7AAFAE09-42C3-4E78-8E89-B41F68BE4074}.Release|Any CPU.Build.0 = Release|Any CPU
	EndGlobalSection
	GlobalSection(SolutionProperties) = preSolution
		HideSolutionNode = FALSE
	EndGlobalSection
	GlobalSection(ExtensibilityGlobals) = postSolution
		SolutionGuid = {926A1195-DE56-4DC6-9A09-FA79BB18377D}
	EndGlobalSection
EndGlobal
